
Microsoft Visual Studio Solution File, Format Version 12.00
# Visual Studio Version 17
VisualStudioVersion = 17.8.34511.84
MinimumVisualStudioVersion = 10.0.40219.1
Project("{F184B08F-C81C-45F6-A57F-5ABD9991F28F}") = "IBAYTECH-CORP", "IBAYTECH-CORP\IBAYTECH-CORP.vbproj", "{CC6C7F89-D1FC-42E6-B08A-F42AB0E6BC9C}"
EndProject
Global
	GlobalSection(SolutionConfigurationPlatforms) = preSolution
		Debug|Any CPU = Debug|Any CPU
		Release|Any CPU = Release|Any CPU
	EndGlobalSection
	GlobalSection(ProjectConfigurationPlatforms) = postSolution
		{CC6C7F89-D1FC-42E6-B08A-F42AB0E6BC9C}.Debug|Any CPU.ActiveCfg = Debug|Any CPU
		{CC6C7F89-D1FC-42E6-B08A-F42AB0E6BC9C}.Debug|Any CPU.Build.0 = Debug|Any CPU
		{CC6C7F89-D1FC-42E6-B08A-F42AB0E6BC9C}.Release|Any CPU.ActiveCfg = Release|Any CPU
		{CC6C7F89-D1FC-42E6-B08A-F42AB0E6BC9C}.Release|Any CPU.Build.0 = Release|Any CPU
	EndGlobalSection
	GlobalSection(SolutionProperties) = preSolution
		HideSolutionNode = FALSE
	EndGlobalSection
	GlobalSection(ExtensibilityGlobals) = postSolution
		SolutionGuid = {2F074912-AF96-4670-8BBC-97764D5CC5C2}
	EndGlobalSection
EndGlobal
